
Microsoft Visual Studio Solution File, Format Version 12.00
# Visual Studio Version 17
VisualStudioVersion = 17.14.36414.22 d17.14
MinimumVisualStudioVersion = 10.0.40219.1
Project("{FAE04EC0-301F-11D3-BF4B-00C04F79EFBC}") = "corewhatif", "corewhatif.csproj", "{775EDA34-4930-B8BC-ED16-8CA6ECE62CF1}"
EndProject
Global
	GlobalSection(SolutionConfigurationPlatforms) = preSolution
		Debug|Any CPU = Debug|Any CPU
		Release|Any CPU = Release|Any CPU
	EndGlobalSection
	GlobalSection(ProjectConfigurationPlatforms) = postSolution
		{775EDA34-4930-B8BC-ED16-8CA6ECE62CF1}.Debug|Any CPU.ActiveCfg = Debug|Any CPU
		{775EDA34-4930-B8BC-ED16-8CA6ECE62CF1}.Debug|Any CPU.Build.0 = Debug|Any CPU
		{775EDA34-4930-B8BC-ED16-8CA6ECE62CF1}.Release|Any CPU.ActiveCfg = Release|Any CPU
		{775EDA34-4930-B8BC-ED16-8CA6ECE62CF1}.Release|Any CPU.Build.0 = Release|Any CPU
	EndGlobalSection
	GlobalSection(SolutionProperties) = preSolution
		HideSolutionNode = FALSE
	EndGlobalSection
	GlobalSection(ExtensibilityGlobals) = postSolution
		SolutionGuid = {1B414F99-0246-4791-A335-00D64E5E26DC}
	EndGlobalSection
EndGlobal
